// !$*UTF8*$!
{
	archiveVersion = 1;
	classes = {
	};
	objectVersion = 46;
	objects = {

/* Begin PBXBuildFile section */
		7D24C1CE1AEF2B3900F7A128 /* main.m in Sources */ = {isa = PBXBuildFile; fileRef = 7D24C1CD1AEF2B3900F7A128 /* main.m */; };
		7D24C1D11AEF2B3900F7A128 /* AppDelegate.m in Sources */ = {isa = PBXBuildFile; fileRef = 7D24C1D01AEF2B3900F7A128 /* AppDelegate.m */; };
		7D24C1D41AEF2B3900F7A128 /* FirstViewController.m in Sources */ = {isa = PBXBuildFile; fileRef = 7D24C1D31AEF2B3900F7A128 /* FirstViewController.m */; };
		7D24C1D71AEF2B3900F7A128 /* SecondViewController.m in Sources */ = {isa = PBXBuildFile; fileRef = 7D24C1D61AEF2B3900F7A128 /* SecondViewController.m */; };
		7D24C1DA1AEF2B3900F7A128 /* Main.storyboard in Resources */ = {isa = PBXBuildFile; fileRef = 7D24C1D81AEF2B3900F7A128 /* Main.storyboard */; };
		7D24C1DC1AEF2B3900F7A128 /* Images.xcassets in Resources */ = {isa = PBXBuildFile; fileRef = 7D24C1DB1AEF2B3900F7A128 /* Images.xcassets */; };
		7D24C1DF1AEF2B3900F7A128 /* LaunchScreen.xib in Resources */ = {isa = PBXBuildFile; fileRef = 7D24C1DD1AEF2B3900F7A128 /* LaunchScreen.xib */; };
		7D24C1EB1AEF2B3900F7A128 /* Chapter2Tests.m in Sources */ = {isa = PBXBuildFile; fileRef = 7D24C1EA1AEF2B3900F7A128 /* Chapter2Tests.m */; };
		7D24C1F51AEF2CFD00F7A128 /* LoginSignup.Storyboard in Resources */ = {isa = PBXBuildFile; fileRef = 7D24C1F41AEF2CFD00F7A128 /* LoginSignup.Storyboard */; };
		7D24C1F81AEF31F200F7A128 /* DispatchViewController.m in Sources */ = {isa = PBXBuildFile; fileRef = 7D24C1F71AEF31F200F7A128 /* DispatchViewController.m */; };
		8B9F86251BD037E100A5E7FE /* Media.xcassets in Resources */ = {isa = PBXBuildFile; fileRef = 8B9F86241BD037E100A5E7FE /* Media.xcassets */; settings = {ASSET_TAGS = (); }; };
/* End PBXBuildFile section */

/* Begin PBXContainerItemProxy section */
		7D24C1E51AEF2B3900F7A128 /* PBXContainerItemProxy */ = {
			isa = PBXContainerItemProxy;
			containerPortal = 7D24C1C01AEF2B3900F7A128 /* Project object */;
			proxyType = 1;
			remoteGlobalIDString = 7D24C1C71AEF2B3900F7A128;
			remoteInfo = Chapter2;
		};
/* End PBXContainerItemProxy section */

/* Begin PBXFileReference section */
		7D24C1C81AEF2B3900F7A128 /* Chapter2.app */ = {isa = PBXFileReference; explicitFileType = wrapper.application; includeInIndex = 0; path = Chapter2.app; sourceTree = BUILT_PRODUCTS_DIR; };
		7D24C1CC1AEF2B3900F7A128 /* Info.plist */ = {isa = PBXFileReference; lastKnownFileType = text.plist.xml; path = Info.plist; sourceTree = "<group>"; };
		7D24C1CD1AEF2B3900F7A128 /* main.m */ = {isa = PBXFileReference; lastKnownFileType = sourcecode.c.objc; path = main.m; sourceTree = "<group>"; };
		7D24C1CF1AEF2B3900F7A128 /* AppDelegate.h */ = {isa = PBXFileReference; lastKnownFileType = sourcecode.c.h; path = AppDelegate.h; sourceTree = "<group>"; };
		7D24C1D01AEF2B3900F7A128 /* AppDelegate.m */ = {isa = PBXFileReference; lastKnownFileType = sourcecode.c.objc; path = AppDelegate.m; sourceTree = "<group>"; };
		7D24C1D21AEF2B3900F7A128 /* FirstViewController.h */ = {isa = PBXFileReference; lastKnownFileType = sourcecode.c.h; path = FirstViewController.h; sourceTree = "<group>"; };
		7D24C1D31AEF2B3900F7A128 /* FirstViewController.m */ = {isa = PBXFileReference; lastKnownFileType = sourcecode.c.objc; path = FirstViewController.m; sourceTree = "<group>"; };
		7D24C1D51AEF2B3900F7A128 /* SecondViewController.h */ = {isa = PBXFileReference; lastKnownFileType = sourcecode.c.h; path = SecondViewController.h; sourceTree = "<group>"; };
		7D24C1D61AEF2B3900F7A128 /* SecondViewController.m */ = {isa = PBXFileReference; lastKnownFileType = sourcecode.c.objc; path = SecondViewController.m; sourceTree = "<group>"; };
		7D24C1D91AEF2B3900F7A128 /* Base */ = {isa = PBXFileReference; lastKnownFileType = file.storyboard; name = Base; path = Base.lproj/Main.storyboard; sourceTree = "<group>"; };
		7D24C1DB1AEF2B3900F7A128 /* Images.xcassets */ = {isa = PBXFileReference; lastKnownFileType = folder.assetcatalog; path = Images.xcassets; sourceTree = "<group>"; };
		7D24C1DE1AEF2B3900F7A128 /* Base */ = {isa = PBXFileReference; lastKnownFileType = file.xib; name = Base; path = Base.lproj/LaunchScreen.xib; sourceTree = "<group>"; };
		7D24C1E41AEF2B3900F7A128 /* Chapter2Tests.xctest */ = {isa = PBXFileReference; explicitFileType = wrapper.cfbundle; includeInIndex = 0; path = Chapter2Tests.xctest; sourceTree = BUILT_PRODUCTS_DIR; };
		7D24C1E91AEF2B3900F7A128 /* Info.plist */ = {isa = PBXFileReference; lastKnownFileType = text.plist.xml; path = Info.plist; sourceTree = "<group>"; };
		7D24C1EA1AEF2B3900F7A128 /* Chapter2Tests.m */ = {isa = PBXFileReference; lastKnownFileType = sourcecode.c.objc; path = Chapter2Tests.m; sourceTree = "<group>"; };
		7D24C1F41AEF2CFD00F7A128 /* LoginSignup.Storyboard */ = {isa = PBXFileReference; fileEncoding = 4; lastKnownFileType = file.storyboard; path = LoginSignup.Storyboard; sourceTree = "<group>"; };
		7D24C1F61AEF31F200F7A128 /* DispatchViewController.h */ = {isa = PBXFileReference; fileEncoding = 4; lastKnownFileType = sourcecode.c.h; path = DispatchViewController.h; sourceTree = "<group>"; };
		7D24C1F71AEF31F200F7A128 /* DispatchViewController.m */ = {isa = PBXFileReference; fileEncoding = 4; lastKnownFileType = sourcecode.c.objc; path = DispatchViewController.m; sourceTree = "<group>"; };
		8B9F86241BD037E100A5E7FE /* Media.xcassets */ = {isa = PBXFileReference; lastKnownFileType = folder.assetcatalog; path = Media.xcassets; sourceTree = "<group>"; };
/* End PBXFileReference section */

/* Begin PBXFrameworksBuildPhase section */
		7D24C1C51AEF2B3900F7A128 /* Frameworks */ = {
			isa = PBXFrameworksBuildPhase;
			buildActionMask = 2147483647;
			files = (
			);
			runOnlyForDeploymentPostprocessing = 0;
		};
		7D24C1E11AEF2B3900F7A128 /* Frameworks */ = {
			isa = PBXFrameworksBuildPhase;
			buildActionMask = 2147483647;
			files = (
			);
			runOnlyForDeploymentPostprocessing = 0;
		};
/* End PBXFrameworksBuildPhase section */

/* Begin PBXGroup section */
		7D24C1BF1AEF2B3900F7A128 = {
			isa = PBXGroup;
			children = (
				7D24C1CA1AEF2B3900F7A128 /* Chapter2 */,
				7D24C1E71AEF2B3900F7A128 /* Chapter2Tests */,
				7D24C1C91AEF2B3900F7A128 /* Products */,
			);
			sourceTree = "<group>";
		};
		7D24C1C91AEF2B3900F7A128 /* Products */ = {
			isa = PBXGroup;
			children = (
				7D24C1C81AEF2B3900F7A128 /* Chapter2.app */,
				7D24C1E41AEF2B3900F7A128 /* Chapter2Tests.xctest */,
			);
			name = Products;
			sourceTree = "<group>";
		};
		7D24C1CA1AEF2B3900F7A128 /* Chapter2 */ = {
			isa = PBXGroup;
			children = (
				7D24C1CF1AEF2B3900F7A128 /* AppDelegate.h */,
				7D24C1D01AEF2B3900F7A128 /* AppDelegate.m */,
				7D24C1D21AEF2B3900F7A128 /* FirstViewController.h */,
				7D24C1D31AEF2B3900F7A128 /* FirstViewController.m */,
				7D24C1D51AEF2B3900F7A128 /* SecondViewController.h */,
				7D24C1D61AEF2B3900F7A128 /* SecondViewController.m */,
				7D24C1D81AEF2B3900F7A128 /* Main.storyboard */,
				7D24C1F41AEF2CFD00F7A128 /* LoginSignup.Storyboard */,
				7D24C1DB1AEF2B3900F7A128 /* Images.xcassets */,
				7D24C1DD1AEF2B3900F7A128 /* LaunchScreen.xib */,
				7D24C1CB1AEF2B3900F7A128 /* Supporting Files */,
				7D24C1F61AEF31F200F7A128 /* DispatchViewController.h */,
				7D24C1F71AEF31F200F7A128 /* DispatchViewController.m */,
				8B9F86241BD037E100A5E7FE /* Media.xcassets */,
			);
			path = Chapter2;
			sourceTree = "<group>";
		};
		7D24C1CB1AEF2B3900F7A128 /* Supporting Files */ = {
			isa = PBXGroup;
			children = (
				7D24C1CC1AEF2B3900F7A128 /* Info.plist */,
				7D24C1CD1AEF2B3900F7A128 /* main.m */,
			);
			name = "Supporting Files";
			sourceTree = "<group>";
		};
		7D24C1E71AEF2B3900F7A128 /* Chapter2Tests */ = {
			isa = PBXGroup;
			children = (
				7D24C1EA1AEF2B3900F7A128 /* Chapter2Tests.m */,
				7D24C1E81AEF2B3900F7A128 /* Supporting Files */,
			);
			path = Chapter2Tests;
			sourceTree = "<group>";
		};
		7D24C1E81AEF2B3900F7A128 /* Supporting Files */ = {
			isa = PBXGroup;
			children = (
				7D24C1E91AEF2B3900F7A128 /* Info.plist */,
			);
			name = "Supporting Files";
			sourceTree = "<group>";
		};
/* End PBXGroup section */

/* Begin PBXNativeTarget section */
		7D24C1C71AEF2B3900F7A128 /* Chapter2 */ = {
			isa = PBXNativeTarget;
			buildConfigurationList = 7D24C1EE1AEF2B3900F7A128 /* Build configuration list for PBXNativeTarget "Chapter2" */;
			buildPhases = (
				7D24C1C41AEF2B3900F7A128 /* Sources */,
				7D24C1C51AEF2B3900F7A128 /* Frameworks */,
				7D24C1C61AEF2B3900F7A128 /* Resources */,
			);
			buildRules = (
			);
			dependencies = (
			);
			name = Chapter2;
			productName = Chapter2;
			productReference = 7D24C1C81AEF2B3900F7A128 /* Chapter2.app */;
			productType = "com.apple.product-type.application";
		};
		7D24C1E31AEF2B3900F7A128 /* Chapter2Tests */ = {
			isa = PBXNativeTarget;
			buildConfigurationList = 7D24C1F11AEF2B3900F7A128 /* Build configuration list for PBXNativeTarget "Chapter2Tests" */;
			buildPhases = (
				7D24C1E01AEF2B3900F7A128 /* Sources */,
				7D24C1E11AEF2B3900F7A128 /* Frameworks */,
				7D24C1E21AEF2B3900F7A128 /* Resources */,
			);
			buildRules = (
			);
			dependencies = (
				7D24C1E61AEF2B3900F7A128 /* PBXTargetDependency */,
			);
			name = Chapter2Tests;
			productName = Chapter2Tests;
			productReference = 7D24C1E41AEF2B3900F7A128 /* Chapter2Tests.xctest */;
			productType = "com.apple.product-type.bundle.unit-test";
		};
/* End PBXNativeTarget section */

/* Begin PBXProject section */
		7D24C1C01AEF2B3900F7A128 /* Project object */ = {
			isa = PBXProject;
			attributes = {
				LastUpgradeCheck = 0630;
				ORGANIZATIONNAME = "Liangjun Jiang";
				TargetAttributes = {
					7D24C1C71AEF2B3900F7A128 = {
						CreatedOnToolsVersion = 6.3.1;
					};
					7D24C1E31AEF2B3900F7A128 = {
						CreatedOnToolsVersion = 6.3.1;
						TestTargetID = 7D24C1C71AEF2B3900F7A128;
					};
				};
			};
			buildConfigurationList = 7D24C1C31AEF2B3900F7A128 /* Build configuration list for PBXProject "Chapter2" */;
			compatibilityVersion = "Xcode 3.2";
			developmentRegion = English;
			hasScannedForEncodings = 0;
			knownRegions = (
				en,
				Base,
			);
			mainGroup = 7D24C1BF1AEF2B3900F7A128;
			productRefGroup = 7D24C1C91AEF2B3900F7A128 /* Products */;
			projectDirPath = "";
			projectRoot = "";
			targets = (
				7D24C1C71AEF2B3900F7A128 /* Chapter2 */,
				7D24C1E31AEF2B3900F7A128 /* Chapter2Tests */,
			);
		};
/* End PBXProject section */

/* Begin PBXResourcesBuildPhase section */
		7D24C1C61AEF2B3900F7A128 /* Resources */ = {
			isa = PBXResourcesBuildPhase;
			buildActionMask = 2147483647;
			files = (
				8B9F86251BD037E100A5E7FE /* Media.xcassets in Resources */,
				7D24C1F51AEF2CFD00F7A128 /* LoginSignup.Storyboard in Resources */,
				7D24C1DA1AEF2B3900F7A128 /* Main.storyboard in Resources */,
				7D24C1DF1AEF2B3900F7A128 /* LaunchScreen.xib in Resources */,
				7D24C1DC1AEF2B3900F7A128 /* Images.xcassets in Resources */,
			);
			runOnlyForDeploymentPostprocessing = 0;
		};
		7D24C1E21AEF2B3900F7A128 /* Resources */ = {
			isa = PBXResourcesBuildPhase;
			buildActionMask = 2147483647;
			files = (
			);
			runOnlyForDeploymentPostprocessing = 0;
		};
/* End PBXResourcesBuildPhase section */

/* Begin PBXSourcesBuildPhase section */
		7D24C1C41AEF2B3900F7A128 /* Sources */ = {
			isa = PBXSourcesBuildPhase;
			buildActionMask = 2147483647;
			files = (
				7D24C1D71AEF2B3900F7A128 /* SecondViewController.m in Sources */,
				7D24C1F81AEF31F200F7A128 /* DispatchViewController.m in Sources */,
				7D24C1D11AEF2B3900F7A128 /* AppDelegate.m in Sources */,
				7D24C1D41AEF2B3900F7A128 /* FirstViewController.m in Sources */,
				7D24C1CE1AEF2B3900F7A128 /* main.m in Sources */,
			);
			runOnlyForDeploymentPostprocessing = 0;
		};
		7D24C1E01AEF2B3900F7A128 /* Sources */ = {
			isa = PBXSourcesBuildPhase;
			buildActionMask = 2147483647;
			files = (
				7D24C1EB1AEF2B3900F7A128 /* Chapter2Tests.m in Sources */,
			);
			runOnlyForDeploymentPostprocessing = 0;
		};
/* End PBXSourcesBuildPhase section */

/* Begin PBXTargetDependency section */
		7D24C1E61AEF2B3900F7A128 /* PBXTargetDependency */ = {
			isa = PBXTargetDependency;
			target = 7D24C1C71AEF2B3900F7A128 /* Chapter2 */;
			targetProxy = 7D24C1E51AEF2B3900F7A128 /* PBXContainerItemProxy */;
		};
/* End PBXTargetDependency section */

/* Begin PBXVariantGroup section */
		7D24C1D81AEF2B3900F7A128 /* Main.storyboard */ = {
			isa = PBXVariantGroup;
			children = (
				7D24C1D91AEF2B3900F7A128 /* Base */,
			);
			name = Main.storyboard;
			sourceTree = "<group>";
		};
		7D24C1DD1AEF2B3900F7A128 /* LaunchScreen.xib */ = {
			isa = PBXVariantGroup;
			children = (
				7D24C1DE1AEF2B3900F7A128 /* Base */,
			);
			name = LaunchScreen.xib;
			sourceTree = "<group>";
		};
/* End PBXVariantGroup section */

/* Begin XCBuildConfiguration section */
		7D24C1EC1AEF2B3900F7A128 /* Debug */ = {
			isa = XCBuildConfiguration;
			buildSettings = {
				ALWAYS_SEARCH_USER_PATHS = NO;
				CLANG_CXX_LANGUAGE_STANDARD = "gnu++0x";
				CLANG_CXX_LIBRARY = "libc++";
				CLANG_ENABLE_MODULES = YES;
				CLANG_ENABLE_OBJC_ARC = YES;
				CLANG_WARN_BOOL_CONVERSION = YES;
				CLANG_WARN_CONSTANT_CONVERSION = YES;
				CLANG_WARN_DIRECT_OBJC_ISA_USAGE = YES_ERROR;
				CLANG_WARN_EMPTY_BODY = YES;
				CLANG_WARN_ENUM_CONVERSION = YES;
				CLANG_WARN_INT_CONVERSION = YES;
				CLANG_WARN_OBJC_ROOT_CLASS = YES_ERROR;
				CLANG_WARN_UNREACHABLE_CODE = YES;
				CLANG_WARN__DUPLICATE_METHOD_MATCH = YES;
				"CODE_SIGN_IDENTITY[sdk=iphoneos*]" = "iPhone Developer";
				COPY_PHASE_STRIP = NO;
				DEBUG_INFORMATION_FORMAT = "dwarf-with-dsym";
				ENABLE_STRICT_OBJC_MSGSEND = YES;
				GCC_C_LANGUAGE_STANDARD = gnu99;
				GCC_DYNAMIC_NO_PIC = NO;
				GCC_NO_COMMON_BLOCKS = YES;
				GCC_OPTIMIZATION_LEVEL = 0;
				GCC_PREPROCESSOR_DEFINITIONS = (
					"DEBUG=1",
					"$(inherited)",
				);
				GCC_SYMBOLS_PRIVATE_EXTERN = NO;
				GCC_WARN_64_TO_32_BIT_CONVERSION = YES;
				GCC_WARN_ABOUT_RETURN_TYPE = YES_ERROR;
				GCC_WARN_UNDECLARED_SELECTOR = YES;
				GCC_WARN_UNINITIALIZED_AUTOS = YES_AGGRESSIVE;
				GCC_WARN_UNUSED_FUNCTION = YES;
				GCC_WARN_UNUSED_VARIABLE = YES;
				IPHONEOS_DEPLOYMENT_TARGET = 8.3;
				MTL_ENABLE_DEBUG_INFO = YES;
				ONLY_ACTIVE_ARCH = YES;
				SDKROOT = iphoneos;
			};
			name = Debug;
		};
		7D24C1ED1AEF2B3900F7A128 /* Release */ = {
			isa = XCBuildConfiguration;
			buildSettings = {
				ALWAYS_SEARCH_USER_PATHS = NO;
				CLANG_CXX_LANGUAGE_STANDARD = "gnu++0x";
				CLANG_CXX_LIBRARY = "libc++";
				CLANG_ENABLE_MODULES = YES;
				CLANG_ENABLE_OBJC_ARC = YES;
				CLANG_WARN_BOOL_CONVERSION = YES;
				CLANG_WARN_CONSTANT_CONVERSION = YES;
				CLANG_WARN_DIRECT_OBJC_ISA_USAGE = YES_ERROR;
				CLANG_WARN_EMPTY_BODY = YES;
				CLANG_WARN_ENUM_CONVERSION = YES;
				CLANG_WARN_INT_CONVERSION = YES;
				CLANG_WARN_OBJC_ROOT_CLASS = YES_ERROR;
				CLANG_WARN_UNREACHABLE_CODE = YES;
				CLANG_WARN__DUPLICATE_METHOD_MATCH = YES;
				"CODE_SIGN_IDENTITY[sdk=iphoneos*]" = "iPhone Developer";
				COPY_PHASE_STRIP = NO;
				DEBUG_INFORMATION_FORMAT = "dwarf-with-dsym";
				ENABLE_NS_ASSERTIONS = NO;
				ENABLE_STRICT_OBJC_MSGSEND = YES;
				GCC_C_LANGUAGE_STANDARD = gnu99;
				GCC_NO_COMMON_BLOCKS = YES;
				GCC_WARN_64_TO_32_BIT_CONVERSION = YES;
				GCC_WARN_ABOUT_RETURN_TYPE = YES_ERROR;
				GCC_WARN_UNDECLARED_SELECTOR = YES;
				GCC_WARN_UNINITIALIZED_AUTOS = YES_AGGRESSIVE;
				GCC_WARN_UNUSED_FUNCTION = YES;
				GCC_WARN_UNUSED_VARIABLE = YES;
				IPHONEOS_DEPLOYMENT_TARGET = 8.3;
				MTL_ENABLE_DEBUG_INFO = NO;
				SDKROOT = iphoneos;
				VALIDATE_PRODUCT = YES;
			};
			name = Release;
		};
		7D24C1EF1AEF2B3900F7A128 /* Debug */ = {
			isa = XCBuildConfiguration;
			buildSettings = {
				ASSETCATALOG_COMPILER_APPICON_NAME = AppIcon;
				INFOPLIST_FILE = Chapter2/Info.plist;
				LD_RUNPATH_SEARCH_PATHS = "$(inherited) @executable_path/Frameworks";
				PRODUCT_NAME = "$(TARGET_NAME)";
			};
			name = Debug;
		};
		7D24C1F01AEF2B3900F7A128 /* Release */ = {
			isa = XCBuildConfiguration;
			buildSettings = {
				ASSETCATALOG_COMPILER_APPICON_NAME = AppIcon;
				INFOPLIST_FILE = Chapter2/Info.plist;
				LD_RUNPATH_SEARCH_PATHS = "$(inherited) @executable_path/Frameworks";
				PRODUCT_NAME = "$(TARGET_NAME)";
			};
			name = Release;
		};
		7D24C1F21AEF2B3900F7A128 /* Debug */ = {
			isa = XCBuildConfiguration;
			buildSettings = {
				BUNDLE_LOADER = "$(TEST_HOST)";
				FRAMEWORK_SEARCH_PATHS = (
					"$(SDKROOT)/Developer/Library/Frameworks",
					"$(inherited)",
				);
				GCC_PREPROCESSOR_DEFINITIONS = (
					"DEBUG=1",
					"$(inherited)",
				);
				INFOPLIST_FILE = Chapter2Tests/Info.plist;
				LD_RUNPATH_SEARCH_PATHS = "$(inherited) @executable_path/Frameworks @loader_path/Frameworks";
				PRODUCT_NAME = "$(TARGET_NAME)";
				TEST_HOST = "$(BUILT_PRODUCTS_DIR)/Chapter2.app/Chapter2";
			};
			name = Debug;
		};
		7D24C1F31AEF2B3900F7A128 /* Release */ = {
			isa = XCBuildConfiguration;
			buildSettings = {
				BUNDLE_LOADER = "$(TEST_HOST)";
				FRAMEWORK_SEARCH_PATHS = (
					"$(SDKROOT)/Developer/Library/Frameworks",
					"$(inherited)",
				);
				INFOPLIST_FILE = Chapter2Tests/Info.plist;
				LD_RUNPATH_SEARCH_PATHS = "$(inherited) @executable_path/Frameworks @loader_path/Frameworks";
				PRODUCT_NAME = "$(TARGET_NAME)";
				TEST_HOST = "$(BUILT_PRODUCTS_DIR)/Chapter2.app/Chapter2";
			};
			name = Release;
		};
/* End XCBuildConfiguration section */

/* Begin XCConfigurationList section */
		7D24C1C31AEF2B3900F7A128 /* Build configuration list for PBXProject "Chapter2" */ = {
			isa = XCConfigurationList;
			buildConfigurations = (
				7D24C1EC1AEF2B3900F7A128 /* Debug */,
				7D24C1ED1AEF2B3900F7A128 /* Release */,
			);
			defaultConfigurationIsVisible = 0;
			defaultConfigurationName = Release;
		};
		7D24C1EE1AEF2B3900F7A128 /* Build configuration list for PBXNativeTarget "Chapter2" */ = {
			isa = XCConfigurationList;
			buildConfigurations = (
				7D24C1EF1AEF2B3900F7A128 /* Debug */,
				7D24C1F01AEF2B3900F7A128 /* Release */,
			);
			defaultConfigurationIsVisible = 0;
			defaultConfigurationName = Release;
		};
		7D24C1F11AEF2B3900F7A128 /* Build configuration list for PBXNativeTarget "Chapter2Tests" */ = {
			isa = XCConfigurationList;
			buildConfigurations = (
				7D24C1F21AEF2B3900F7A128 /* Debug */,
				7D24C1F31AEF2B3900F7A128 /* Release */,
			);
			defaultConfigurationIsVisible = 0;
			defaultConfigurationName = Release;
		};
/* End XCConfigurationList section */
	};
	rootObject = 7D24C1C01AEF2B3900F7A128 /* Project object */;
}
